
Microsoft Visual Studio Solution File, Format Version 12.00
# Visual Studio Version 16
VisualStudioVersion = 16.0.31129.286
MinimumVisualStudioVersion = 10.0.40219.1
Project("{FAE04EC0-301F-11D3-BF4B-00C04F79EFBC}") = "ACM.BL", "ACM.BL\ACM.BL.csproj", "{1BE0D395-7C15-4904-BDCA-CE06E7FCB02D}"
EndProject
Global
	GlobalSection(SolutionConfigurationPlatforms) = preSolution
		Debug|Any CPU = Debug|Any CPU
		Release|Any CPU = Release|Any CPU
	EndGlobalSection
	GlobalSection(ProjectConfigurationPlatforms) = postSolution
		{1BE0D395-7C15-4904-BDCA-CE06E7FCB02D}.Debug|Any CPU.ActiveCfg = Debug|Any CPU
		{1BE0D395-7C15-4904-BDCA-CE06E7FCB02D}.Debug|Any CPU.Build.0 = Debug|Any CPU
		{1BE0D395-7C15-4904-BDCA-CE06E7FCB02D}.Release|Any CPU.ActiveCfg = Release|Any CPU
		{1BE0D395-7C15-4904-BDCA-CE06E7FCB02D}.Release|Any CPU.Build.0 = Release|Any CPU
	EndGlobalSection
	GlobalSection(SolutionProperties) = preSolution
		HideSolutionNode = FALSE
	EndGlobalSection
	GlobalSection(ExtensibilityGlobals) = postSolution
		SolutionGuid = {20346E16-3776-456D-BAE2-5A4862FA1203}
	EndGlobalSection
EndGlobal
